{
  "requires": true,
  "lockfileVersion": 1,
  "dependencies": {
    "@fortawesome/vue-fontawesome": {
      "version": "2.0.6",
      "resolved": "https://registry.npmjs.org/@fortawesome/vue-fontawesome/-/vue-fontawesome-2.0.6.tgz",
      "integrity": "sha512-V3vT3flY15AKbUS31aZOP12awQI3aAzkr2B1KnqcHLmwrmy51DW3pwyBczKdypV8QxBZ8U68Hl2XxK2nudTxpg=="
    }
  }
}
